{
    "_meta": {
        "hash": {
            "sha256": "8e329b081ce810b85644d45c02912309c9de096501fbf866be4abe0463b9573b"
        },
        "requires": {},
        "sources": [
            {
                "url": "https://pypi.python.org/simple",
                "verify_ssl": true
            }
        ]
    },
    "default": {
        "click": {
            "version": "==6.7"
        }
    },
    "develop": {}
}
