{
    "_meta": {
        "hash": {
            "sha256": "12da2d1dc26b5b1e600ea3bed19fc49f82868e63ef58c5b41b1fc992f5d0d929"
        },
        "requires": {},
        "sources": [
            {
                "url": "https://pypi.python.org/simple",
                "verify_ssl": true
            }
        ]
    },
    "default": {
        "click": {
            "version": "==6.7"
        }
    },
    "develop": {
        "appnope": {
            "version": "==0.1.0"
        },
        "click": {
            "version": "==6.7"
        },
        "decorator": {
            "version": "==4.1.2"
        },
        "ipdb": {
            "version": "==0.10.3"
        },
        "ipython": {
            "version": "==6.1.0"
        },
        "ipython-genutils": {
            "version": "==0.2.0"
        },
        "jedi": {
            "version": "==0.10.2"
        },
        "pexpect": {
            "version": "==4.2.1"
        },
        "pickleshare": {
            "version": "==0.7.4"
        },
        "prompt-toolkit": {
            "version": "==1.0.15"
        },
        "ptyprocess": {
            "version": "==0.5.2"
        },
        "py": {
            "version": "==1.4.34"
        },
        "pygments": {
            "version": "==2.2.0"
        },
        "pytest": {
            "version": "==3.2.2"
        },
        "simplegeneric": {
            "version": "==0.8.1"
        },
        "six": {
            "version": "==1.10.0"
        },
        "traitlets": {
            "version": "==4.3.2"
        },
        "wcwidth": {
            "version": "==0.1.7"
        },
        "yld": {
            "version": "==0.1.3"
        }
    }
}
